// !$*UTF8*$!
{
	archiveVersion = 1;
	classes = {
	};
	objectVersion = 56;
	objects = {

/* Begin PBXBuildFile section */
		5A892F6150507148EB60887E /* Pods_LMS.framework in Frameworks */ = {isa = PBXBuildFile; fileRef = 63DD96B8EFB21F707E863D74 /* Pods_LMS.framework */; };
		F36CBFC82C91B1A600BC1298 /* AppDelegate.swift in Sources */ = {isa = PBXBuildFile; fileRef = F36CBFC72C91B1A600BC1298 /* AppDelegate.swift */; };
		F36CBFD12C91B1A700BC1298 /* Assets.xcassets in Resources */ = {isa = PBXBuildFile; fileRef = F36CBFD02C91B1A700BC1298 /* Assets.xcassets */; };
		F36CBFD42C91B1A700BC1298 /* Base in Resources */ = {isa = PBXBuildFile; fileRef = F36CBFD32C91B1A700BC1298 /* Base */; };
		F36CBFDC2C91B58200BC1298 /* AuthViewController.swift in Sources */ = {isa = PBXBuildFile; fileRef = F36CBFDB2C91B58200BC1298 /* AuthViewController.swift */; };
		F36CBFDF2C91C1D100BC1298 /* Colors.swift in Sources */ = {isa = PBXBuildFile; fileRef = F36CBFDE2C91C1D100BC1298 /* Colors.swift */; };
		F36CBFE32C91C4BF00BC1298 /* AuthPresenter.swift in Sources */ = {isa = PBXBuildFile; fileRef = F36CBFE22C91C4BF00BC1298 /* AuthPresenter.swift */; };
		F36CBFE52C91C57B00BC1298 /* UserDefaultManager.swift in Sources */ = {isa = PBXBuildFile; fileRef = F36CBFE42C91C57B00BC1298 /* UserDefaultManager.swift */; };
		F36CBFE72C91C93C00BC1298 /* AuthService.swift in Sources */ = {isa = PBXBuildFile; fileRef = F36CBFE62C91C93C00BC1298 /* AuthService.swift */; };
		F36CBFE92C91C9B700BC1298 /* MoviesViewController.swift in Sources */ = {isa = PBXBuildFile; fileRef = F36CBFE82C91C9B700BC1298 /* MoviesViewController.swift */; };
		F36CBFF22C92A56700BC1298 /* MoviesPresenter.swift in Sources */ = {isa = PBXBuildFile; fileRef = F36CBFF12C92A56700BC1298 /* MoviesPresenter.swift */; };
		F36CBFF52C92A96B00BC1298 /* MoviesRepository.swift in Sources */ = {isa = PBXBuildFile; fileRef = F36CBFF42C92A96B00BC1298 /* MoviesRepository.swift */; };
		F36CBFF72C92A9CD00BC1298 /* MoviesService.swift in Sources */ = {isa = PBXBuildFile; fileRef = F36CBFF62C92A9CD00BC1298 /* MoviesService.swift */; };
		F36CBFFA2C92B57600BC1298 /* MovieListModel.swift in Sources */ = {isa = PBXBuildFile; fileRef = F36CBFF92C92B57600BC1298 /* MovieListModel.swift */; };
		F36CBFFC2C92BC7900BC1298 /* MovieDetailsModel.swift in Sources */ = {isa = PBXBuildFile; fileRef = F36CBFFB2C92BC7900BC1298 /* MovieDetailsModel.swift */; };
		F36CBFFE2C92BD8100BC1298 /* CountryModel.swift in Sources */ = {isa = PBXBuildFile; fileRef = F36CBFFD2C92BD8100BC1298 /* CountryModel.swift */; };
		F36CC0002C92BD8B00BC1298 /* GenreModel.swift in Sources */ = {isa = PBXBuildFile; fileRef = F36CBFFF2C92BD8B00BC1298 /* GenreModel.swift */; };
		F36CC0022C92C03800BC1298 /* MovieShotSourceListModel.swift in Sources */ = {isa = PBXBuildFile; fileRef = F36CC0012C92C03800BC1298 /* MovieShotSourceListModel.swift */; };
		F36CC0062C92C8CE00BC1298 /* MovieTableViewCell.swift in Sources */ = {isa = PBXBuildFile; fileRef = F36CC0052C92C8CE00BC1298 /* MovieTableViewCell.swift */; };
		F36CC0082C92E9EA00BC1298 /* ImageCacher.swift in Sources */ = {isa = PBXBuildFile; fileRef = F36CC0072C92E9EA00BC1298 /* ImageCacher.swift */; };
/* End PBXBuildFile section */

/* Begin PBXFileReference section */
		63DD96B8EFB21F707E863D74 /* Pods_LMS.framework */ = {isa = PBXFileReference; explicitFileType = wrapper.framework; includeInIndex = 0; path = Pods_LMS.framework; sourceTree = BUILT_PRODUCTS_DIR; };
		B857FD6C7F689D24C8211A9D /* Pods-LMS.debug.xcconfig */ = {isa = PBXFileReference; includeInIndex = 1; lastKnownFileType = text.xcconfig; name = "Pods-LMS.debug.xcconfig"; path = "Target Support Files/Pods-LMS/Pods-LMS.debug.xcconfig"; sourceTree = "<group>"; };
		BBE30349A9C32CDB6995A872 /* Pods-LMS.release.xcconfig */ = {isa = PBXFileReference; includeInIndex = 1; lastKnownFileType = text.xcconfig; name = "Pods-LMS.release.xcconfig"; path = "Target Support Files/Pods-LMS/Pods-LMS.release.xcconfig"; sourceTree = "<group>"; };
		F36CBFC42C91B1A600BC1298 /* LMS.app */ = {isa = PBXFileReference; explicitFileType = wrapper.application; includeInIndex = 0; path = LMS.app; sourceTree = BUILT_PRODUCTS_DIR; };
		F36CBFC72C91B1A600BC1298 /* AppDelegate.swift */ = {isa = PBXFileReference; lastKnownFileType = sourcecode.swift; path = AppDelegate.swift; sourceTree = "<group>"; };
		F36CBFD02C91B1A700BC1298 /* Assets.xcassets */ = {isa = PBXFileReference; lastKnownFileType = folder.assetcatalog; path = Assets.xcassets; sourceTree = "<group>"; };
		F36CBFD32C91B1A700BC1298 /* Base */ = {isa = PBXFileReference; lastKnownFileType = file.storyboard; name = Base; path = Base.lproj/LaunchScreen.storyboard; sourceTree = "<group>"; };
		F36CBFD52C91B1A700BC1298 /* Info.plist */ = {isa = PBXFileReference; lastKnownFileType = text.plist.xml; path = Info.plist; sourceTree = "<group>"; };
		F36CBFDB2C91B58200BC1298 /* AuthViewController.swift */ = {isa = PBXFileReference; lastKnownFileType = sourcecode.swift; path = AuthViewController.swift; sourceTree = "<group>"; };
		F36CBFDE2C91C1D100BC1298 /* Colors.swift */ = {isa = PBXFileReference; lastKnownFileType = sourcecode.swift; path = Colors.swift; sourceTree = "<group>"; };
		F36CBFE22C91C4BF00BC1298 /* AuthPresenter.swift */ = {isa = PBXFileReference; lastKnownFileType = sourcecode.swift; path = AuthPresenter.swift; sourceTree = "<group>"; };
		F36CBFE42C91C57B00BC1298 /* UserDefaultManager.swift */ = {isa = PBXFileReference; lastKnownFileType = sourcecode.swift; path = UserDefaultManager.swift; sourceTree = "<group>"; };
		F36CBFE62C91C93C00BC1298 /* AuthService.swift */ = {isa = PBXFileReference; lastKnownFileType = sourcecode.swift; path = AuthService.swift; sourceTree = "<group>"; };
		F36CBFE82C91C9B700BC1298 /* MoviesViewController.swift */ = {isa = PBXFileReference; lastKnownFileType = sourcecode.swift; path = MoviesViewController.swift; sourceTree = "<group>"; };
		F36CBFF12C92A56700BC1298 /* MoviesPresenter.swift */ = {isa = PBXFileReference; lastKnownFileType = sourcecode.swift; path = MoviesPresenter.swift; sourceTree = "<group>"; };
		F36CBFF42C92A96B00BC1298 /* MoviesRepository.swift */ = {isa = PBXFileReference; lastKnownFileType = sourcecode.swift; path = MoviesRepository.swift; sourceTree = "<group>"; };
		F36CBFF62C92A9CD00BC1298 /* MoviesService.swift */ = {isa = PBXFileReference; lastKnownFileType = sourcecode.swift; path = MoviesService.swift; sourceTree = "<group>"; };
		F36CBFF92C92B57600BC1298 /* MovieListModel.swift */ = {isa = PBXFileReference; lastKnownFileType = sourcecode.swift; path = MovieListModel.swift; sourceTree = "<group>"; };
		F36CBFFB2C92BC7900BC1298 /* MovieDetailsModel.swift */ = {isa = PBXFileReference; lastKnownFileType = sourcecode.swift; path = MovieDetailsModel.swift; sourceTree = "<group>"; };
		F36CBFFD2C92BD8100BC1298 /* CountryModel.swift */ = {isa = PBXFileReference; lastKnownFileType = sourcecode.swift; path = CountryModel.swift; sourceTree = "<group>"; };
		F36CBFFF2C92BD8B00BC1298 /* GenreModel.swift */ = {isa = PBXFileReference; lastKnownFileType = sourcecode.swift; path = GenreModel.swift; sourceTree = "<group>"; };
		F36CC0012C92C03800BC1298 /* MovieShotSourceListModel.swift */ = {isa = PBXFileReference; lastKnownFileType = sourcecode.swift; path = MovieShotSourceListModel.swift; sourceTree = "<group>"; };
		F36CC0052C92C8CE00BC1298 /* MovieTableViewCell.swift */ = {isa = PBXFileReference; lastKnownFileType = sourcecode.swift; path = MovieTableViewCell.swift; sourceTree = "<group>"; };
		F36CC0072C92E9EA00BC1298 /* ImageCacher.swift */ = {isa = PBXFileReference; lastKnownFileType = sourcecode.swift; path = ImageCacher.swift; sourceTree = "<group>"; };
/* End PBXFileReference section */

/* Begin PBXFrameworksBuildPhase section */
		F36CBFC12C91B1A600BC1298 /* Frameworks */ = {
			isa = PBXFrameworksBuildPhase;
			buildActionMask = 2147483647;
			files = (
				5A892F6150507148EB60887E /* Pods_LMS.framework in Frameworks */,
			);
			runOnlyForDeploymentPostprocessing = 0;
		};
/* End PBXFrameworksBuildPhase section */

/* Begin PBXGroup section */
		A57602EA117C6C71185E90DA /* Frameworks */ = {
			isa = PBXGroup;
			children = (
				63DD96B8EFB21F707E863D74 /* Pods_LMS.framework */,
			);
			name = Frameworks;
			sourceTree = "<group>";
		};
		B09CFA1154F09CEF719D56E9 /* Pods */ = {
			isa = PBXGroup;
			children = (
				B857FD6C7F689D24C8211A9D /* Pods-LMS.debug.xcconfig */,
				BBE30349A9C32CDB6995A872 /* Pods-LMS.release.xcconfig */,
			);
			path = Pods;
			sourceTree = "<group>";
		};
		F36CBFBB2C91B1A600BC1298 = {
			isa = PBXGroup;
			children = (
				F36CBFC62C91B1A600BC1298 /* LMS */,
				F36CBFC52C91B1A600BC1298 /* Products */,
				B09CFA1154F09CEF719D56E9 /* Pods */,
				A57602EA117C6C71185E90DA /* Frameworks */,
			);
			sourceTree = "<group>";
		};
		F36CBFC52C91B1A600BC1298 /* Products */ = {
			isa = PBXGroup;
			children = (
				F36CBFC42C91B1A600BC1298 /* LMS.app */,
			);
			name = Products;
			sourceTree = "<group>";
		};
		F36CBFC62C91B1A600BC1298 /* LMS */ = {
			isa = PBXGroup;
			children = (
				F36CBFF82C92B56500BC1298 /* Model */,
				F36CBFDD2C91C1C800BC1298 /* Common */,
				F36CBFEE2C91D27800BC1298 /* Service */,
				F36CBFE02C91C42200BC1298 /* Modules */,
				F36CBFC72C91B1A600BC1298 /* AppDelegate.swift */,
				F36CBFD02C91B1A700BC1298 /* Assets.xcassets */,
				F36CBFD22C91B1A700BC1298 /* LaunchScreen.storyboard */,
				F36CBFD52C91B1A700BC1298 /* Info.plist */,
			);
			path = LMS;
			sourceTree = "<group>";
		};
		F36CBFDD2C91C1C800BC1298 /* Common */ = {
			isa = PBXGroup;
			children = (
				F36CBFDE2C91C1D100BC1298 /* Colors.swift */,
				F36CBFE42C91C57B00BC1298 /* UserDefaultManager.swift */,
				F36CC0072C92E9EA00BC1298 /* ImageCacher.swift */,
			);
			path = Common;
			sourceTree = "<group>";
		};
		F36CBFE02C91C42200BC1298 /* Modules */ = {
			isa = PBXGroup;
			children = (
				F36CBFEA2C91C9C500BC1298 /* Movies */,
				F36CBFE12C91C42900BC1298 /* Auth */,
			);
			path = Modules;
			sourceTree = "<group>";
		};
		F36CBFE12C91C42900BC1298 /* Auth */ = {
			isa = PBXGroup;
			children = (
				F36CBFDB2C91B58200BC1298 /* AuthViewController.swift */,
				F36CBFE22C91C4BF00BC1298 /* AuthPresenter.swift */,
			);
			path = Auth;
			sourceTree = "<group>";
		};
		F36CBFEA2C91C9C500BC1298 /* Movies */ = {
			isa = PBXGroup;
			children = (
				F36CBFE82C91C9B700BC1298 /* MoviesViewController.swift */,
				F36CBFF12C92A56700BC1298 /* MoviesPresenter.swift */,
				F36CC0052C92C8CE00BC1298 /* MovieTableViewCell.swift */,
				F36CBFF42C92A96B00BC1298 /* MoviesRepository.swift */,
			);
			path = Movies;
			sourceTree = "<group>";
		};
		F36CBFEE2C91D27800BC1298 /* Service */ = {
			isa = PBXGroup;
			children = (
				F36CBFF62C92A9CD00BC1298 /* MoviesService.swift */,
				F36CBFE62C91C93C00BC1298 /* AuthService.swift */,
			);
			path = Service;
			sourceTree = "<group>";
		};
		F36CBFF82C92B56500BC1298 /* Model */ = {
			isa = PBXGroup;
			children = (
				F36CBFF92C92B57600BC1298 /* MovieListModel.swift */,
				F36CBFFB2C92BC7900BC1298 /* MovieDetailsModel.swift */,
				F36CC0012C92C03800BC1298 /* MovieShotSourceListModel.swift */,
				F36CBFFD2C92BD8100BC1298 /* CountryModel.swift */,
				F36CBFFF2C92BD8B00BC1298 /* GenreModel.swift */,
			);
			path = Model;
			sourceTree = "<group>";
		};
/* End PBXGroup section */

/* Begin PBXNativeTarget section */
		F36CBFC32C91B1A600BC1298 /* LMS */ = {
			isa = PBXNativeTarget;
			buildConfigurationList = F36CBFD82C91B1A700BC1298 /* Build configuration list for PBXNativeTarget "LMS" */;
			buildPhases = (
				856625D6F57494A54059CAE1 /* [CP] Check Pods Manifest.lock */,
				F36CBFC02C91B1A600BC1298 /* Sources */,
				F36CBFC12C91B1A600BC1298 /* Frameworks */,
				F36CBFC22C91B1A600BC1298 /* Resources */,
				1CCD1211C2D700074744B6C2 /* [CP] Embed Pods Frameworks */,
			);
			buildRules = (
			);
			dependencies = (
			);
			name = LMS;
			productName = LMS;
			productReference = F36CBFC42C91B1A600BC1298 /* LMS.app */;
			productType = "com.apple.product-type.application";
		};
/* End PBXNativeTarget section */

/* Begin PBXProject section */
		F36CBFBC2C91B1A600BC1298 /* Project object */ = {
			isa = PBXProject;
			attributes = {
				BuildIndependentTargetsInParallel = 1;
				LastSwiftUpdateCheck = 1540;
				LastUpgradeCheck = 1540;
				TargetAttributes = {
					F36CBFC32C91B1A600BC1298 = {
						CreatedOnToolsVersion = 15.4;
					};
				};
			};
			buildConfigurationList = F36CBFBF2C91B1A600BC1298 /* Build configuration list for PBXProject "LMS" */;
			compatibilityVersion = "Xcode 14.0";
			developmentRegion = en;
			hasScannedForEncodings = 0;
			knownRegions = (
				en,
				Base,
			);
			mainGroup = F36CBFBB2C91B1A600BC1298;
			productRefGroup = F36CBFC52C91B1A600BC1298 /* Products */;
			projectDirPath = "";
			projectRoot = "";
			targets = (
				F36CBFC32C91B1A600BC1298 /* LMS */,
			);
		};
/* End PBXProject section */

/* Begin PBXResourcesBuildPhase section */
		F36CBFC22C91B1A600BC1298 /* Resources */ = {
			isa = PBXResourcesBuildPhase;
			buildActionMask = 2147483647;
			files = (
				F36CBFD12C91B1A700BC1298 /* Assets.xcassets in Resources */,
				F36CBFD42C91B1A700BC1298 /* Base in Resources */,
			);
			runOnlyForDeploymentPostprocessing = 0;
		};
/* End PBXResourcesBuildPhase section */

/* Begin PBXShellScriptBuildPhase section */
		1CCD1211C2D700074744B6C2 /* [CP] Embed Pods Frameworks */ = {
			isa = PBXShellScriptBuildPhase;
			buildActionMask = 2147483647;
			files = (
			);
			inputFileListPaths = (
				"${PODS_ROOT}/Target Support Files/Pods-LMS/Pods-LMS-frameworks-${CONFIGURATION}-input-files.xcfilelist",
			);
			name = "[CP] Embed Pods Frameworks";
			outputFileListPaths = (
				"${PODS_ROOT}/Target Support Files/Pods-LMS/Pods-LMS-frameworks-${CONFIGURATION}-output-files.xcfilelist",
			);
			runOnlyForDeploymentPostprocessing = 0;
			shellPath = /bin/sh;
			shellScript = "\"${PODS_ROOT}/Target Support Files/Pods-LMS/Pods-LMS-frameworks.sh\"\n";
			showEnvVarsInLog = 0;
		};
		856625D6F57494A54059CAE1 /* [CP] Check Pods Manifest.lock */ = {
			isa = PBXShellScriptBuildPhase;
			buildActionMask = 2147483647;
			files = (
			);
			inputFileListPaths = (
			);
			inputPaths = (
				"${PODS_PODFILE_DIR_PATH}/Podfile.lock",
				"${PODS_ROOT}/Manifest.lock",
			);
			name = "[CP] Check Pods Manifest.lock";
			outputFileListPaths = (
			);
			outputPaths = (
				"$(DERIVED_FILE_DIR)/Pods-LMS-checkManifestLockResult.txt",
			);
			runOnlyForDeploymentPostprocessing = 0;
			shellPath = /bin/sh;
			shellScript = "diff \"${PODS_PODFILE_DIR_PATH}/Podfile.lock\" \"${PODS_ROOT}/Manifest.lock\" > /dev/null\nif [ $? != 0 ] ; then\n    # print error to STDERR\n    echo \"error: The sandbox is not in sync with the Podfile.lock. Run 'pod install' or update your CocoaPods installation.\" >&2\n    exit 1\nfi\n# This output is used by Xcode 'outputs' to avoid re-running this script phase.\necho \"SUCCESS\" > \"${SCRIPT_OUTPUT_FILE_0}\"\n";
			showEnvVarsInLog = 0;
		};
/* End PBXShellScriptBuildPhase section */

/* Begin PBXSourcesBuildPhase section */
		F36CBFC02C91B1A600BC1298 /* Sources */ = {
			isa = PBXSourcesBuildPhase;
			buildActionMask = 2147483647;
			files = (
				F36CBFFA2C92B57600BC1298 /* MovieListModel.swift in Sources */,
				F36CC0082C92E9EA00BC1298 /* ImageCacher.swift in Sources */,
				F36CBFE92C91C9B700BC1298 /* MoviesViewController.swift in Sources */,
				F36CBFE32C91C4BF00BC1298 /* AuthPresenter.swift in Sources */,
				F36CC0022C92C03800BC1298 /* MovieShotSourceListModel.swift in Sources */,
				F36CBFDF2C91C1D100BC1298 /* Colors.swift in Sources */,
				F36CBFFE2C92BD8100BC1298 /* CountryModel.swift in Sources */,
				F36CC0062C92C8CE00BC1298 /* MovieTableViewCell.swift in Sources */,
				F36CBFF72C92A9CD00BC1298 /* MoviesService.swift in Sources */,
				F36CBFFC2C92BC7900BC1298 /* MovieDetailsModel.swift in Sources */,
				F36CBFF22C92A56700BC1298 /* MoviesPresenter.swift in Sources */,
				F36CBFC82C91B1A600BC1298 /* AppDelegate.swift in Sources */,
				F36CBFE72C91C93C00BC1298 /* AuthService.swift in Sources */,
				F36CBFDC2C91B58200BC1298 /* AuthViewController.swift in Sources */,
				F36CBFF52C92A96B00BC1298 /* MoviesRepository.swift in Sources */,
				F36CBFE52C91C57B00BC1298 /* UserDefaultManager.swift in Sources */,
				F36CC0002C92BD8B00BC1298 /* GenreModel.swift in Sources */,
			);
			runOnlyForDeploymentPostprocessing = 0;
		};
/* End PBXSourcesBuildPhase section */

/* Begin PBXVariantGroup section */
		F36CBFD22C91B1A700BC1298 /* LaunchScreen.storyboard */ = {
			isa = PBXVariantGroup;
			children = (
				F36CBFD32C91B1A700BC1298 /* Base */,
			);
			name = LaunchScreen.storyboard;
			sourceTree = "<group>";
		};
/* End PBXVariantGroup section */

/* Begin XCBuildConfiguration section */
		F36CBFD62C91B1A700BC1298 /* Debug */ = {
			isa = XCBuildConfiguration;
			buildSettings = {
				ALWAYS_SEARCH_USER_PATHS = NO;
				ASSETCATALOG_COMPILER_GENERATE_SWIFT_ASSET_SYMBOL_EXTENSIONS = YES;
				CLANG_ANALYZER_NONNULL = YES;
				CLANG_ANALYZER_NUMBER_OBJECT_CONVERSION = YES_AGGRESSIVE;
				CLANG_CXX_LANGUAGE_STANDARD = "gnu++20";
				CLANG_ENABLE_MODULES = YES;
				CLANG_ENABLE_OBJC_ARC = YES;
				CLANG_ENABLE_OBJC_WEAK = YES;
				CLANG_WARN_BLOCK_CAPTURE_AUTORELEASING = YES;
				CLANG_WARN_BOOL_CONVERSION = YES;
				CLANG_WARN_COMMA = YES;
				CLANG_WARN_CONSTANT_CONVERSION = YES;
				CLANG_WARN_DEPRECATED_OBJC_IMPLEMENTATIONS = YES;
				CLANG_WARN_DIRECT_OBJC_ISA_USAGE = YES_ERROR;
				CLANG_WARN_DOCUMENTATION_COMMENTS = YES;
				CLANG_WARN_EMPTY_BODY = YES;
				CLANG_WARN_ENUM_CONVERSION = YES;
				CLANG_WARN_INFINITE_RECURSION = YES;
				CLANG_WARN_INT_CONVERSION = YES;
				CLANG_WARN_NON_LITERAL_NULL_CONVERSION = YES;
				CLANG_WARN_OBJC_IMPLICIT_RETAIN_SELF = YES;
				CLANG_WARN_OBJC_LITERAL_CONVERSION = YES;
				CLANG_WARN_OBJC_ROOT_CLASS = YES_ERROR;
				CLANG_WARN_QUOTED_INCLUDE_IN_FRAMEWORK_HEADER = YES;
				CLANG_WARN_RANGE_LOOP_ANALYSIS = YES;
				CLANG_WARN_STRICT_PROTOTYPES = YES;
				CLANG_WARN_SUSPICIOUS_MOVE = YES;
				CLANG_WARN_UNGUARDED_AVAILABILITY = YES_AGGRESSIVE;
				CLANG_WARN_UNREACHABLE_CODE = YES;
				CLANG_WARN__DUPLICATE_METHOD_MATCH = YES;
				COPY_PHASE_STRIP = NO;
				DEBUG_INFORMATION_FORMAT = dwarf;
				ENABLE_STRICT_OBJC_MSGSEND = YES;
				ENABLE_TESTABILITY = YES;
				ENABLE_USER_SCRIPT_SANDBOXING = NO;
				GCC_C_LANGUAGE_STANDARD = gnu17;
				GCC_DYNAMIC_NO_PIC = NO;
				GCC_NO_COMMON_BLOCKS = YES;
				GCC_OPTIMIZATION_LEVEL = 0;
				GCC_PREPROCESSOR_DEFINITIONS = (
					"DEBUG=1",
					"$(inherited)",
				);
				GCC_WARN_64_TO_32_BIT_CONVERSION = YES;
				GCC_WARN_ABOUT_RETURN_TYPE = YES_ERROR;
				GCC_WARN_UNDECLARED_SELECTOR = YES;
				GCC_WARN_UNINITIALIZED_AUTOS = YES_AGGRESSIVE;
				GCC_WARN_UNUSED_FUNCTION = YES;
				GCC_WARN_UNUSED_VARIABLE = YES;
				IPHONEOS_DEPLOYMENT_TARGET = 17.5;
				LOCALIZATION_PREFERS_STRING_CATALOGS = YES;
				MTL_ENABLE_DEBUG_INFO = INCLUDE_SOURCE;
				MTL_FAST_MATH = YES;
				ONLY_ACTIVE_ARCH = YES;
				SDKROOT = iphoneos;
				SWIFT_ACTIVE_COMPILATION_CONDITIONS = "DEBUG $(inherited)";
				SWIFT_OPTIMIZATION_LEVEL = "-Onone";
			};
			name = Debug;
		};
		F36CBFD72C91B1A700BC1298 /* Release */ = {
			isa = XCBuildConfiguration;
			buildSettings = {
				ALWAYS_SEARCH_USER_PATHS = NO;
				ASSETCATALOG_COMPILER_GENERATE_SWIFT_ASSET_SYMBOL_EXTENSIONS = YES;
				CLANG_ANALYZER_NONNULL = YES;
				CLANG_ANALYZER_NUMBER_OBJECT_CONVERSION = YES_AGGRESSIVE;
				CLANG_CXX_LANGUAGE_STANDARD = "gnu++20";
				CLANG_ENABLE_MODULES = YES;
				CLANG_ENABLE_OBJC_ARC = YES;
				CLANG_ENABLE_OBJC_WEAK = YES;
				CLANG_WARN_BLOCK_CAPTURE_AUTORELEASING = YES;
				CLANG_WARN_BOOL_CONVERSION = YES;
				CLANG_WARN_COMMA = YES;
				CLANG_WARN_CONSTANT_CONVERSION = YES;
				CLANG_WARN_DEPRECATED_OBJC_IMPLEMENTATIONS = YES;
				CLANG_WARN_DIRECT_OBJC_ISA_USAGE = YES_ERROR;
				CLANG_WARN_DOCUMENTATION_COMMENTS = YES;
				CLANG_WARN_EMPTY_BODY = YES;
				CLANG_WARN_ENUM_CONVERSION = YES;
				CLANG_WARN_INFINITE_RECURSION = YES;
				CLANG_WARN_INT_CONVERSION = YES;
				CLANG_WARN_NON_LITERAL_NULL_CONVERSION = YES;
				CLANG_WARN_OBJC_IMPLICIT_RETAIN_SELF = YES;
				CLANG_WARN_OBJC_LITERAL_CONVERSION = YES;
				CLANG_WARN_OBJC_ROOT_CLASS = YES_ERROR;
				CLANG_WARN_QUOTED_INCLUDE_IN_FRAMEWORK_HEADER = YES;
				CLANG_WARN_RANGE_LOOP_ANALYSIS = YES;
				CLANG_WARN_STRICT_PROTOTYPES = YES;
				CLANG_WARN_SUSPICIOUS_MOVE = YES;
				CLANG_WARN_UNGUARDED_AVAILABILITY = YES_AGGRESSIVE;
				CLANG_WARN_UNREACHABLE_CODE = YES;
				CLANG_WARN__DUPLICATE_METHOD_MATCH = YES;
				COPY_PHASE_STRIP = NO;
				DEBUG_INFORMATION_FORMAT = "dwarf-with-dsym";
				ENABLE_NS_ASSERTIONS = NO;
				ENABLE_STRICT_OBJC_MSGSEND = YES;
				ENABLE_USER_SCRIPT_SANDBOXING = NO;
				GCC_C_LANGUAGE_STANDARD = gnu17;
				GCC_NO_COMMON_BLOCKS = YES;
				GCC_WARN_64_TO_32_BIT_CONVERSION = YES;
				GCC_WARN_ABOUT_RETURN_TYPE = YES_ERROR;
				GCC_WARN_UNDECLARED_SELECTOR = YES;
				GCC_WARN_UNINITIALIZED_AUTOS = YES_AGGRESSIVE;
				GCC_WARN_UNUSED_FUNCTION = YES;
				GCC_WARN_UNUSED_VARIABLE = YES;
				IPHONEOS_DEPLOYMENT_TARGET = 17.5;
				LOCALIZATION_PREFERS_STRING_CATALOGS = YES;
				MTL_ENABLE_DEBUG_INFO = NO;
				MTL_FAST_MATH = YES;
				SDKROOT = iphoneos;
				SWIFT_COMPILATION_MODE = wholemodule;
				VALIDATE_PRODUCT = YES;
			};
			name = Release;
		};
		F36CBFD92C91B1A700BC1298 /* Debug */ = {
			isa = XCBuildConfiguration;
			baseConfigurationReference = B857FD6C7F689D24C8211A9D /* Pods-LMS.debug.xcconfig */;
			buildSettings = {
				ASSETCATALOG_COMPILER_APPICON_NAME = AppIcon;
				ASSETCATALOG_COMPILER_GLOBAL_ACCENT_COLOR_NAME = AccentColor;
				CODE_SIGN_STYLE = Automatic;
				CURRENT_PROJECT_VERSION = 1;
				DEVELOPMENT_TEAM = RBRFGT8CHB;
				GENERATE_INFOPLIST_FILE = YES;
				INFOPLIST_FILE = LMS/Info.plist;
				INFOPLIST_KEY_UIApplicationSupportsIndirectInputEvents = YES;
				INFOPLIST_KEY_UILaunchStoryboardName = LaunchScreen;
				INFOPLIST_KEY_UIMainStoryboardFile = "";
				INFOPLIST_KEY_UISupportedInterfaceOrientations_iPad = "UIInterfaceOrientationPortrait UIInterfaceOrientationPortraitUpsideDown UIInterfaceOrientationLandscapeLeft UIInterfaceOrientationLandscapeRight";
				INFOPLIST_KEY_UISupportedInterfaceOrientations_iPhone = "UIInterfaceOrientationPortrait UIInterfaceOrientationLandscapeLeft UIInterfaceOrientationLandscapeRight";
				LD_RUNPATH_SEARCH_PATHS = (
					"$(inherited)",
					"@executable_path/Frameworks",
				);
				MARKETING_VERSION = 1.0;
				PRODUCT_BUNDLE_IDENTIFIER = daniil.LMS;
				PRODUCT_NAME = "$(TARGET_NAME)";
				SWIFT_EMIT_LOC_STRINGS = YES;
				SWIFT_VERSION = 5.0;
				TARGETED_DEVICE_FAMILY = "1,2";
			};
			name = Debug;
		};
		F36CBFDA2C91B1A700BC1298 /* Release */ = {
			isa = XCBuildConfiguration;
			baseConfigurationReference = BBE30349A9C32CDB6995A872 /* Pods-LMS.release.xcconfig */;
			buildSettings = {
				ASSETCATALOG_COMPILER_APPICON_NAME = AppIcon;
				ASSETCATALOG_COMPILER_GLOBAL_ACCENT_COLOR_NAME = AccentColor;
				CODE_SIGN_STYLE = Automatic;
				CURRENT_PROJECT_VERSION = 1;
				DEVELOPMENT_TEAM = RBRFGT8CHB;
				GENERATE_INFOPLIST_FILE = YES;
				INFOPLIST_FILE = LMS/Info.plist;
				INFOPLIST_KEY_UIApplicationSupportsIndirectInputEvents = YES;
				INFOPLIST_KEY_UILaunchStoryboardName = LaunchScreen;
				INFOPLIST_KEY_UIMainStoryboardFile = "";
				INFOPLIST_KEY_UISupportedInterfaceOrientations_iPad = "UIInterfaceOrientationPortrait UIInterfaceOrientationPortraitUpsideDown UIInterfaceOrientationLandscapeLeft UIInterfaceOrientationLandscapeRight";
				INFOPLIST_KEY_UISupportedInterfaceOrientations_iPhone = "UIInterfaceOrientationPortrait UIInterfaceOrientationLandscapeLeft UIInterfaceOrientationLandscapeRight";
				LD_RUNPATH_SEARCH_PATHS = (
					"$(inherited)",
					"@executable_path/Frameworks",
				);
				MARKETING_VERSION = 1.0;
				PRODUCT_BUNDLE_IDENTIFIER = daniil.LMS;
				PRODUCT_NAME = "$(TARGET_NAME)";
				SWIFT_EMIT_LOC_STRINGS = YES;
				SWIFT_VERSION = 5.0;
				TARGETED_DEVICE_FAMILY = "1,2";
			};
			name = Release;
		};
/* End XCBuildConfiguration section */

/* Begin XCConfigurationList section */
		F36CBFBF2C91B1A600BC1298 /* Build configuration list for PBXProject "LMS" */ = {
			isa = XCConfigurationList;
			buildConfigurations = (
				F36CBFD62C91B1A700BC1298 /* Debug */,
				F36CBFD72C91B1A700BC1298 /* Release */,
			);
			defaultConfigurationIsVisible = 0;
			defaultConfigurationName = Release;
		};
		F36CBFD82C91B1A700BC1298 /* Build configuration list for PBXNativeTarget "LMS" */ = {
			isa = XCConfigurationList;
			buildConfigurations = (
				F36CBFD92C91B1A700BC1298 /* Debug */,
				F36CBFDA2C91B1A700BC1298 /* Release */,
			);
			defaultConfigurationIsVisible = 0;
			defaultConfigurationName = Release;
		};
/* End XCConfigurationList section */
	};
	rootObject = F36CBFBC2C91B1A600BC1298 /* Project object */;
}
